
Microsoft Visual Studio Solution File, Format Version 12.00
# Visual Studio Version 17
VisualStudioVersion = 17.10.35027.167
MinimumVisualStudioVersion = 10.0.40219.1
Project("{2150E333-8FDC-42A3-9474-1A3956D46DE8}") = "src", "src", "{0F8298C1-C26A-47B0-83CF-F3450EFFFD0F}"
EndProject
Project("{2150E333-8FDC-42A3-9474-1A3956D46DE8}") = "API", "API", "{A38452A2-C2CD-4F1A-A957-BD8C0C610230}"
EndProject
Project("{2150E333-8FDC-42A3-9474-1A3956D46DE8}") = "core", "core", "{49C92B22-E2DA-4070-BD8E-3B331F3B16AA}"
EndProject
Project("{2150E333-8FDC-42A3-9474-1A3956D46DE8}") = "Infrastructure", "Infrastructure", "{E207C9F6-B3EF-470D-866E-ACDE28E1737B}"
EndProject
Project("{9A19103F-16F7-4668-BE54-9A1E7A4F7556}") = "IRIS.Conecta.Domain", "IRIS.Conecta.Domain\IRIS.Conecta.Domain.csproj", "{7FBA723B-3DE6-445B-B773-BF53F47B11CB}"
EndProject
Project("{9A19103F-16F7-4668-BE54-9A1E7A4F7556}") = "IRIS.Conecta.Application", "IRIS.Conecta.Application\IRIS.Conecta.Application.csproj", "{7E152BDB-3134-4A00-9A37-07E6CE68F7AC}"
EndProject
Project("{9A19103F-16F7-4668-BE54-9A1E7A4F7556}") = "IRIS.Conecta.Persistence", "IRIS.Conecta.Persistence\IRIS.Conecta.Persistence.csproj", "{BEB21AEC-0FAB-453F-B15F-616AEA752E1F}"
EndProject
Project("{9A19103F-16F7-4668-BE54-9A1E7A4F7556}") = "IRIS.Conecta.API", "IRIS.Conecta.API\IRIS.Conecta.API.csproj", "{DEE57149-88BF-4FB3-84DE-A3D417F07A38}"
EndProject
Project("{2150E333-8FDC-42A3-9474-1A3956D46DE8}") = "UI", "UI", "{CFC273EB-8CEF-4024-8D51-2908B65D83C8}"
EndProject
Project("{9A19103F-16F7-4668-BE54-9A1E7A4F7556}") = "IRIS.UI", "IRIS.UI\IRIS.UI.csproj", "{CA3D64FD-87D6-4AAC-AD84-C4DE912F993E}"
EndProject
Project("{9A19103F-16F7-4668-BE54-9A1E7A4F7556}") = "TabBlazor", "TabBlazor\TabBlazor.csproj", "{4A6A2D3A-26B1-4D4A-8074-3D27001699BB}"
EndProject
Project("{9A19103F-16F7-4668-BE54-9A1E7A4F7556}") = "IRIS.Conecta.Identity", "IRIS.Conecta.Identity\IRIS.Conecta.Identity.csproj", "{F24948AD-2A38-49BB-BE23-EC900CD58468}"
EndProject
Project("{9A19103F-16F7-4668-BE54-9A1E7A4F7556}") = "IRIS.Conecta.Infrastructure", "IRIS.Conecta.Infrastructure\IRIS.Conecta.Infrastructure.csproj", "{DC510C18-49A6-4E9D-9CF4-59B0D9887C6C}"
EndProject
Project("{2150E333-8FDC-42A3-9474-1A3956D46DE8}") = "text", "text", "{02535599-9F38-438E-B6C7-A7D995DBA0AF}"
EndProject
Project("{FAE04EC0-301F-11D3-BF4B-00C04F79EFBC}") = "IRIS.Conecta.Application.UnitTests", "IRIS.Conecta.Application.UnitTests\IRIS.Conecta.Application.UnitTests.csproj", "{7BD4FD14-3EA5-43AC-854A-9BD3AC572D40}"
EndProject
Global
	GlobalSection(SolutionConfigurationPlatforms) = preSolution
		Debug|Any CPU = Debug|Any CPU
		Release|Any CPU = Release|Any CPU
	EndGlobalSection
	GlobalSection(ProjectConfigurationPlatforms) = postSolution
		{7FBA723B-3DE6-445B-B773-BF53F47B11CB}.Debug|Any CPU.ActiveCfg = Debug|Any CPU
		{7FBA723B-3DE6-445B-B773-BF53F47B11CB}.Debug|Any CPU.Build.0 = Debug|Any CPU
		{7FBA723B-3DE6-445B-B773-BF53F47B11CB}.Release|Any CPU.ActiveCfg = Release|Any CPU
		{7FBA723B-3DE6-445B-B773-BF53F47B11CB}.Release|Any CPU.Build.0 = Release|Any CPU
		{7E152BDB-3134-4A00-9A37-07E6CE68F7AC}.Debug|Any CPU.ActiveCfg = Debug|Any CPU
		{7E152BDB-3134-4A00-9A37-07E6CE68F7AC}.Debug|Any CPU.Build.0 = Debug|Any CPU
		{7E152BDB-3134-4A00-9A37-07E6CE68F7AC}.Release|Any CPU.ActiveCfg = Release|Any CPU
		{7E152BDB-3134-4A00-9A37-07E6CE68F7AC}.Release|Any CPU.Build.0 = Release|Any CPU
		{BEB21AEC-0FAB-453F-B15F-616AEA752E1F}.Debug|Any CPU.ActiveCfg = Debug|Any CPU
		{BEB21AEC-0FAB-453F-B15F-616AEA752E1F}.Debug|Any CPU.Build.0 = Debug|Any CPU
		{BEB21AEC-0FAB-453F-B15F-616AEA752E1F}.Release|Any CPU.ActiveCfg = Release|Any CPU
		{BEB21AEC-0FAB-453F-B15F-616AEA752E1F}.Release|Any CPU.Build.0 = Release|Any CPU
		{DEE57149-88BF-4FB3-84DE-A3D417F07A38}.Debug|Any CPU.ActiveCfg = Debug|Any CPU
		{DEE57149-88BF-4FB3-84DE-A3D417F07A38}.Debug|Any CPU.Build.0 = Debug|Any CPU
		{DEE57149-88BF-4FB3-84DE-A3D417F07A38}.Release|Any CPU.ActiveCfg = Release|Any CPU
		{DEE57149-88BF-4FB3-84DE-A3D417F07A38}.Release|Any CPU.Build.0 = Release|Any CPU
		{CA3D64FD-87D6-4AAC-AD84-C4DE912F993E}.Debug|Any CPU.ActiveCfg = Debug|Any CPU
		{CA3D64FD-87D6-4AAC-AD84-C4DE912F993E}.Debug|Any CPU.Build.0 = Debug|Any CPU
		{CA3D64FD-87D6-4AAC-AD84-C4DE912F993E}.Release|Any CPU.ActiveCfg = Release|Any CPU
		{CA3D64FD-87D6-4AAC-AD84-C4DE912F993E}.Release|Any CPU.Build.0 = Release|Any CPU
		{4A6A2D3A-26B1-4D4A-8074-3D27001699BB}.Debug|Any CPU.ActiveCfg = Debug|Any CPU
		{4A6A2D3A-26B1-4D4A-8074-3D27001699BB}.Debug|Any CPU.Build.0 = Debug|Any CPU
		{4A6A2D3A-26B1-4D4A-8074-3D27001699BB}.Release|Any CPU.ActiveCfg = Release|Any CPU
		{4A6A2D3A-26B1-4D4A-8074-3D27001699BB}.Release|Any CPU.Build.0 = Release|Any CPU
		{F24948AD-2A38-49BB-BE23-EC900CD58468}.Debug|Any CPU.ActiveCfg = Debug|Any CPU
		{F24948AD-2A38-49BB-BE23-EC900CD58468}.Debug|Any CPU.Build.0 = Debug|Any CPU
		{F24948AD-2A38-49BB-BE23-EC900CD58468}.Release|Any CPU.ActiveCfg = Release|Any CPU
		{F24948AD-2A38-49BB-BE23-EC900CD58468}.Release|Any CPU.Build.0 = Release|Any CPU
		{DC510C18-49A6-4E9D-9CF4-59B0D9887C6C}.Debug|Any CPU.ActiveCfg = Debug|Any CPU
		{DC510C18-49A6-4E9D-9CF4-59B0D9887C6C}.Debug|Any CPU.Build.0 = Debug|Any CPU
		{DC510C18-49A6-4E9D-9CF4-59B0D9887C6C}.Release|Any CPU.ActiveCfg = Release|Any CPU
		{DC510C18-49A6-4E9D-9CF4-59B0D9887C6C}.Release|Any CPU.Build.0 = Release|Any CPU
		{7BD4FD14-3EA5-43AC-854A-9BD3AC572D40}.Debug|Any CPU.ActiveCfg = Debug|Any CPU
		{7BD4FD14-3EA5-43AC-854A-9BD3AC572D40}.Debug|Any CPU.Build.0 = Debug|Any CPU
		{7BD4FD14-3EA5-43AC-854A-9BD3AC572D40}.Release|Any CPU.ActiveCfg = Release|Any CPU
		{7BD4FD14-3EA5-43AC-854A-9BD3AC572D40}.Release|Any CPU.Build.0 = Release|Any CPU
	EndGlobalSection
	GlobalSection(SolutionProperties) = preSolution
		HideSolutionNode = FALSE
	EndGlobalSection
	GlobalSection(NestedProjects) = preSolution
		{A38452A2-C2CD-4F1A-A957-BD8C0C610230} = {0F8298C1-C26A-47B0-83CF-F3450EFFFD0F}
		{49C92B22-E2DA-4070-BD8E-3B331F3B16AA} = {0F8298C1-C26A-47B0-83CF-F3450EFFFD0F}
		{E207C9F6-B3EF-470D-866E-ACDE28E1737B} = {0F8298C1-C26A-47B0-83CF-F3450EFFFD0F}
		{7FBA723B-3DE6-445B-B773-BF53F47B11CB} = {49C92B22-E2DA-4070-BD8E-3B331F3B16AA}
		{7E152BDB-3134-4A00-9A37-07E6CE68F7AC} = {49C92B22-E2DA-4070-BD8E-3B331F3B16AA}
		{BEB21AEC-0FAB-453F-B15F-616AEA752E1F} = {E207C9F6-B3EF-470D-866E-ACDE28E1737B}
		{DEE57149-88BF-4FB3-84DE-A3D417F07A38} = {A38452A2-C2CD-4F1A-A957-BD8C0C610230}
		{CFC273EB-8CEF-4024-8D51-2908B65D83C8} = {0F8298C1-C26A-47B0-83CF-F3450EFFFD0F}
		{CA3D64FD-87D6-4AAC-AD84-C4DE912F993E} = {CFC273EB-8CEF-4024-8D51-2908B65D83C8}
		{4A6A2D3A-26B1-4D4A-8074-3D27001699BB} = {CFC273EB-8CEF-4024-8D51-2908B65D83C8}
		{F24948AD-2A38-49BB-BE23-EC900CD58468} = {E207C9F6-B3EF-470D-866E-ACDE28E1737B}
		{DC510C18-49A6-4E9D-9CF4-59B0D9887C6C} = {E207C9F6-B3EF-470D-866E-ACDE28E1737B}
		{7BD4FD14-3EA5-43AC-854A-9BD3AC572D40} = {02535599-9F38-438E-B6C7-A7D995DBA0AF}
	EndGlobalSection
	GlobalSection(ExtensibilityGlobals) = postSolution
		SolutionGuid = {A369336A-F3C6-4D8F-A635-02D69F7AF6E5}
	EndGlobalSection
EndGlobal
